
Microsoft Visual Studio Solution File, Format Version 12.00
# Visual Studio Version 18
VisualStudioVersion = 18.3.11218.70
MinimumVisualStudioVersion = 10.0.40219.1
Project("{2150E333-8FDC-42A3-9474-1A3956D46DE8}") = "Tests", "Tests", "{E9CFD145-721B-4E34-A8E8-34BE03F79FED}"
EndProject
Project("{9A19103F-16F7-4668-BE54-9A1E7A4F7556}") = "CardGames.Core", "CardGames.Core\CardGames.Core.csproj", "{B3964C69-A716-47D4-B16D-7C09DD9737C7}"
EndProject
Project("{9A19103F-16F7-4668-BE54-9A1E7A4F7556}") = "CardGames.Core.Tests", "Tests\CardGames.Core.Tests\CardGames.Core.Tests.csproj", "{A8AAB3EA-C612-493E-9AD0-66DA966B82D6}"
EndProject
Project("{9A19103F-16F7-4668-BE54-9A1E7A4F7556}") = "CardGames.Core.French", "CardGames.Core.French\CardGames.Core.French.csproj", "{81A61078-4E40-4E67-B66D-ABCFCD6A3033}"
EndProject
Project("{9A19103F-16F7-4668-BE54-9A1E7A4F7556}") = "CardGames.Core.French.Tests", "Tests\CardGames.Core.French.Tests\CardGames.Core.French.Tests.csproj", "{8F0154B5-DF55-4F0F-8CAE-C51F4737942E}"
EndProject
Project("{9A19103F-16F7-4668-BE54-9A1E7A4F7556}") = "CardGames.Poker.Benchmarks", "CardGames.Playground.Runner\CardGames.Poker.Benchmarks.csproj", "{7C5A3944-4E44-47CD-BB0B-D7187D656A10}"
EndProject
Project("{9A19103F-16F7-4668-BE54-9A1E7A4F7556}") = "CardGames.Poker", "CardGames.Poker\CardGames.Poker.csproj", "{8F8310CA-22FE-46CF-807A-3791D1D8A15B}"
EndProject
Project("{9A19103F-16F7-4668-BE54-9A1E7A4F7556}") = "CardGames.Poker.Tests", "Tests\CardGames.Poker.Tests\CardGames.Poker.Tests.csproj", "{5E8EEC44-FA73-4A66-9433-64D5E3468C9D}"
EndProject
Project("{9A19103F-16F7-4668-BE54-9A1E7A4F7556}") = "CardGames.Core.Benchmarks", "CardGames.Core.Benchmarks\CardGames.Core.Benchmarks.csproj", "{065B4C2B-EED0-408C-991F-21F30E1F03CC}"
EndProject
Project("{2150E333-8FDC-42A3-9474-1A3956D46DE8}") = "Solution Items", "Solution Items", "{1F3CFDF9-CDB0-4C87-AB9E-45E41E7F933B}"
	ProjectSection(SolutionItems) = preProject
		Logs.txt = Logs.txt
		TableSeat.png = TableSeat.png
		..\TODO.md = ..\TODO.md
	EndProjectSection
EndProject
Project("{FAE04EC0-301F-11D3-BF4B-00C04F79EFBC}") = "CardGames.Playground", "CardGames.Playground\CardGames.Playground.csproj", "{CD33543C-F302-2E9F-4386-870064124019}"
EndProject
Project("{FAE04EC0-301F-11D3-BF4B-00C04F79EFBC}") = "CardGames.Poker.CLI.Tests", "Tests\CardGames.Poker.CLI.Tests\CardGames.Poker.CLI.Tests.csproj", "{3D706E94-6CBD-4BCF-8C8C-64F2C1B1DF99}"
EndProject
Project("{FAE04EC0-301F-11D3-BF4B-00C04F79EFBC}") = "CardGames.Poker.Api", "CardGames.Poker.Api\CardGames.Poker.Api.csproj", "{AAD90729-14FD-70D5-C3E8-4ABC3AC56A20}"
EndProject
Project("{FAE04EC0-301F-11D3-BF4B-00C04F79EFBC}") = "CardGames.AppHost", "CardGames.AppHost\CardGames.AppHost.csproj", "{BD9B647C-B143-42C8-AB78-A8AD2541B556}"
EndProject
Project("{FAE04EC0-301F-11D3-BF4B-00C04F79EFBC}") = "CardGames.ServiceDefaults", "CardGames.ServiceDefaults\CardGames.ServiceDefaults.csproj", "{86DB7937-311B-CA06-0D06-6E301B025CC7}"
EndProject
Project("{FAE04EC0-301F-11D3-BF4B-00C04F79EFBC}") = "CardGames.Poker.Web", "CardGames.Poker.Web\CardGames.Poker.Web.csproj", "{766581F7-713E-06BF-E473-502DECC44008}"
EndProject
Project("{FAE04EC0-301F-11D3-BF4B-00C04F79EFBC}") = "CardGames.Poker.Events", "CardGames.Poker.Events\CardGames.Poker.Events.csproj", "{A71A3CD9-4950-47B1-A945-B3AE30CC5993}"
EndProject
Project("{FAE04EC0-301F-11D3-BF4B-00C04F79EFBC}") = "CardGames.MigrationService", "CardGames.MigrationService\CardGames.MigrationService.csproj", "{B72E712B-163D-1296-D382-CA808701E339}"
EndProject
Project("{FAE04EC0-301F-11D3-BF4B-00C04F79EFBC}") = "CardGames.Contracts", "CardGames.Contracts\CardGames.Contracts.csproj", "{518F0EBE-AE80-474E-9C55-536901337448}"
EndProject
Project("{FAE04EC0-301F-11D3-BF4B-00C04F79EFBC}") = "CardGames.Poker.CLI", "CardGames.Poker.CLI\CardGames.Poker.CLI.csproj", "{486159E5-09BF-CAF1-4141-B15B109AF838}"
EndProject
Project("{2150E333-8FDC-42A3-9474-1A3956D46DE8}") = "Main Projects", "Main Projects", "{3D6D91D8-C770-46E0-A3DA-385E18E29E47}"
EndProject
Project("{2150E333-8FDC-42A3-9474-1A3956D46DE8}") = "Other Projects", "Other Projects", "{6D6A7AF3-53CB-4251-8906-C1F584CEDDB6}"
EndProject
Project("{2150E333-8FDC-42A3-9474-1A3956D46DE8}") = "docs", "docs", "{07D268B8-C250-4557-A718-A531BB3092C9}"
	ProjectSection(SolutionItems) = preProject
		..\docs\ADDING_NEW_GAMES.md = ..\docs\ADDING_NEW_GAMES.md
		..\docs\ARCHITECTURE.md = ..\docs\ARCHITECTURE.md
		..\docs\ContinuousPlay.md = ..\docs\ContinuousPlay.md
		..\docs\Dashboard.md = ..\docs\Dashboard.md
		..\docs\DYNAMIC_UI_PLAN.md = ..\docs\DYNAMIC_UI_PLAN.md
		..\docs\EditTable.md = ..\docs\EditTable.md
		..\docs\History.md = ..\docs\History.md
		..\docs\IMPLEMENTATION_STATUS.md = ..\docs\IMPLEMENTATION_STATUS.md
		..\docs\IMPLEMENTATION_SUMMARY.md = ..\docs\IMPLEMENTATION_SUMMARY.md
		..\docs\KingsAndLowsPlan.md = ..\docs\KingsAndLowsPlan.md
		..\docs\LeaveTable.md = ..\docs\LeaveTable.md
		..\docs\MaxDiscards.md = ..\docs\MaxDiscards.md
		..\docs\plan-sevenCardStud.prompt.md = ..\docs\plan-sevenCardStud.prompt.md
		..\docs\plan-twosJacksManWithTheAxe.prompt.md = ..\docs\plan-twosJacksManWithTheAxe.prompt.md
		..\docs\PlayPage.md = ..\docs\PlayPage.md
		..\docs\PRD.md = ..\docs\PRD.md
		..\docs\README_KINGS_AND_LOWS.md = ..\docs\README_KINGS_AND_LOWS.md
		..\docs\sevenCardStudDesignDoc.md = ..\docs\sevenCardStudDesignDoc.md
		..\docs\SignalRPRD.md = ..\docs\SignalRPRD.md
		..\docs\Yahoo.md = ..\docs\Yahoo.md
	EndProjectSection
EndProject
Global
	GlobalSection(SolutionConfigurationPlatforms) = preSolution
		Debug|Any CPU = Debug|Any CPU
		Debug|x64 = Debug|x64
		Debug|x86 = Debug|x86
		Release|Any CPU = Release|Any CPU
		Release|x64 = Release|x64
		Release|x86 = Release|x86
	EndGlobalSection
	GlobalSection(ProjectConfigurationPlatforms) = postSolution
		{B3964C69-A716-47D4-B16D-7C09DD9737C7}.Debug|Any CPU.ActiveCfg = Debug|Any CPU
		{B3964C69-A716-47D4-B16D-7C09DD9737C7}.Debug|Any CPU.Build.0 = Debug|Any CPU
		{B3964C69-A716-47D4-B16D-7C09DD9737C7}.Debug|x64.ActiveCfg = Debug|Any CPU
		{B3964C69-A716-47D4-B16D-7C09DD9737C7}.Debug|x64.Build.0 = Debug|Any CPU
		{B3964C69-A716-47D4-B16D-7C09DD9737C7}.Debug|x86.ActiveCfg = Debug|Any CPU
		{B3964C69-A716-47D4-B16D-7C09DD9737C7}.Debug|x86.Build.0 = Debug|Any CPU
		{B3964C69-A716-47D4-B16D-7C09DD9737C7}.Release|Any CPU.ActiveCfg = Release|Any CPU
		{B3964C69-A716-47D4-B16D-7C09DD9737C7}.Release|Any CPU.Build.0 = Release|Any CPU
		{B3964C69-A716-47D4-B16D-7C09DD9737C7}.Release|x64.ActiveCfg = Release|Any CPU
		{B3964C69-A716-47D4-B16D-7C09DD9737C7}.Release|x64.Build.0 = Release|Any CPU
		{B3964C69-A716-47D4-B16D-7C09DD9737C7}.Release|x86.ActiveCfg = Release|Any CPU
		{B3964C69-A716-47D4-B16D-7C09DD9737C7}.Release|x86.Build.0 = Release|Any CPU
		{A8AAB3EA-C612-493E-9AD0-66DA966B82D6}.Debug|Any CPU.ActiveCfg = Debug|Any CPU
		{A8AAB3EA-C612-493E-9AD0-66DA966B82D6}.Debug|Any CPU.Build.0 = Debug|Any CPU
		{A8AAB3EA-C612-493E-9AD0-66DA966B82D6}.Debug|x64.ActiveCfg = Debug|Any CPU
		{A8AAB3EA-C612-493E-9AD0-66DA966B82D6}.Debug|x64.Build.0 = Debug|Any CPU
		{A8AAB3EA-C612-493E-9AD0-66DA966B82D6}.Debug|x86.ActiveCfg = Debug|Any CPU
		{A8AAB3EA-C612-493E-9AD0-66DA966B82D6}.Debug|x86.Build.0 = Debug|Any CPU
		{A8AAB3EA-C612-493E-9AD0-66DA966B82D6}.Release|Any CPU.ActiveCfg = Release|Any CPU
		{A8AAB3EA-C612-493E-9AD0-66DA966B82D6}.Release|Any CPU.Build.0 = Release|Any CPU
		{A8AAB3EA-C612-493E-9AD0-66DA966B82D6}.Release|x64.ActiveCfg = Release|Any CPU
		{A8AAB3EA-C612-493E-9AD0-66DA966B82D6}.Release|x64.Build.0 = Release|Any CPU
		{A8AAB3EA-C612-493E-9AD0-66DA966B82D6}.Release|x86.ActiveCfg = Release|Any CPU
		{A8AAB3EA-C612-493E-9AD0-66DA966B82D6}.Release|x86.Build.0 = Release|Any CPU
		{81A61078-4E40-4E67-B66D-ABCFCD6A3033}.Debug|Any CPU.ActiveCfg = Debug|Any CPU
		{81A61078-4E40-4E67-B66D-ABCFCD6A3033}.Debug|Any CPU.Build.0 = Debug|Any CPU
		{81A61078-4E40-4E67-B66D-ABCFCD6A3033}.Debug|x64.ActiveCfg = Debug|Any CPU
		{81A61078-4E40-4E67-B66D-ABCFCD6A3033}.Debug|x64.Build.0 = Debug|Any CPU
		{81A61078-4E40-4E67-B66D-ABCFCD6A3033}.Debug|x86.ActiveCfg = Debug|Any CPU
		{81A61078-4E40-4E67-B66D-ABCFCD6A3033}.Debug|x86.Build.0 = Debug|Any CPU
		{81A61078-4E40-4E67-B66D-ABCFCD6A3033}.Release|Any CPU.ActiveCfg = Release|Any CPU
		{81A61078-4E40-4E67-B66D-ABCFCD6A3033}.Release|Any CPU.Build.0 = Release|Any CPU
		{81A61078-4E40-4E67-B66D-ABCFCD6A3033}.Release|x64.ActiveCfg = Release|Any CPU
		{81A61078-4E40-4E67-B66D-ABCFCD6A3033}.Release|x64.Build.0 = Release|Any CPU
		{81A61078-4E40-4E67-B66D-ABCFCD6A3033}.Release|x86.ActiveCfg = Release|Any CPU
		{81A61078-4E40-4E67-B66D-ABCFCD6A3033}.Release|x86.Build.0 = Release|Any CPU
		{8F0154B5-DF55-4F0F-8CAE-C51F4737942E}.Debug|Any CPU.ActiveCfg = Debug|Any CPU
		{8F0154B5-DF55-4F0F-8CAE-C51F4737942E}.Debug|Any CPU.Build.0 = Debug|Any CPU
		{8F0154B5-DF55-4F0F-8CAE-C51F4737942E}.Debug|x64.ActiveCfg = Debug|Any CPU
		{8F0154B5-DF55-4F0F-8CAE-C51F4737942E}.Debug|x64.Build.0 = Debug|Any CPU
		{8F0154B5-DF55-4F0F-8CAE-C51F4737942E}.Debug|x86.ActiveCfg = Debug|Any CPU
		{8F0154B5-DF55-4F0F-8CAE-C51F4737942E}.Debug|x86.Build.0 = Debug|Any CPU
		{8F0154B5-DF55-4F0F-8CAE-C51F4737942E}.Release|Any CPU.ActiveCfg = Release|Any CPU
		{8F0154B5-DF55-4F0F-8CAE-C51F4737942E}.Release|Any CPU.Build.0 = Release|Any CPU
		{8F0154B5-DF55-4F0F-8CAE-C51F4737942E}.Release|x64.ActiveCfg = Release|Any CPU
		{8F0154B5-DF55-4F0F-8CAE-C51F4737942E}.Release|x64.Build.0 = Release|Any CPU
		{8F0154B5-DF55-4F0F-8CAE-C51F4737942E}.Release|x86.ActiveCfg = Release|Any CPU
		{8F0154B5-DF55-4F0F-8CAE-C51F4737942E}.Release|x86.Build.0 = Release|Any CPU
		{7C5A3944-4E44-47CD-BB0B-D7187D656A10}.Debug|Any CPU.ActiveCfg = Debug|Any CPU
		{7C5A3944-4E44-47CD-BB0B-D7187D656A10}.Debug|Any CPU.Build.0 = Debug|Any CPU
		{7C5A3944-4E44-47CD-BB0B-D7187D656A10}.Debug|x64.ActiveCfg = Debug|Any CPU
		{7C5A3944-4E44-47CD-BB0B-D7187D656A10}.Debug|x64.Build.0 = Debug|Any CPU
		{7C5A3944-4E44-47CD-BB0B-D7187D656A10}.Debug|x86.ActiveCfg = Debug|Any CPU
		{7C5A3944-4E44-47CD-BB0B-D7187D656A10}.Debug|x86.Build.0 = Debug|Any CPU
		{7C5A3944-4E44-47CD-BB0B-D7187D656A10}.Release|Any CPU.ActiveCfg = Release|Any CPU
		{7C5A3944-4E44-47CD-BB0B-D7187D656A10}.Release|Any CPU.Build.0 = Release|Any CPU
		{7C5A3944-4E44-47CD-BB0B-D7187D656A10}.Release|x64.ActiveCfg = Release|Any CPU
		{7C5A3944-4E44-47CD-BB0B-D7187D656A10}.Release|x64.Build.0 = Release|Any CPU
		{7C5A3944-4E44-47CD-BB0B-D7187D656A10}.Release|x86.ActiveCfg = Release|Any CPU
		{7C5A3944-4E44-47CD-BB0B-D7187D656A10}.Release|x86.Build.0 = Release|Any CPU
		{8F8310CA-22FE-46CF-807A-3791D1D8A15B}.Debug|Any CPU.ActiveCfg = Debug|Any CPU
		{8F8310CA-22FE-46CF-807A-3791D1D8A15B}.Debug|Any CPU.Build.0 = Debug|Any CPU
		{8F8310CA-22FE-46CF-807A-3791D1D8A15B}.Debug|x64.ActiveCfg = Debug|Any CPU
		{8F8310CA-22FE-46CF-807A-3791D1D8A15B}.Debug|x64.Build.0 = Debug|Any CPU
		{8F8310CA-22FE-46CF-807A-3791D1D8A15B}.Debug|x86.ActiveCfg = Debug|Any CPU
		{8F8310CA-22FE-46CF-807A-3791D1D8A15B}.Debug|x86.Build.0 = Debug|Any CPU
		{8F8310CA-22FE-46CF-807A-3791D1D8A15B}.Release|Any CPU.ActiveCfg = Release|Any CPU
		{8F8310CA-22FE-46CF-807A-3791D1D8A15B}.Release|Any CPU.Build.0 = Release|Any CPU
		{8F8310CA-22FE-46CF-807A-3791D1D8A15B}.Release|x64.ActiveCfg = Release|Any CPU
		{8F8310CA-22FE-46CF-807A-3791D1D8A15B}.Release|x64.Build.0 = Release|Any CPU
		{8F8310CA-22FE-46CF-807A-3791D1D8A15B}.Release|x86.ActiveCfg = Release|Any CPU
		{8F8310CA-22FE-46CF-807A-3791D1D8A15B}.Release|x86.Build.0 = Release|Any CPU
		{5E8EEC44-FA73-4A66-9433-64D5E3468C9D}.Debug|Any CPU.ActiveCfg = Debug|Any CPU
		{5E8EEC44-FA73-4A66-9433-64D5E3468C9D}.Debug|Any CPU.Build.0 = Debug|Any CPU
		{5E8EEC44-FA73-4A66-9433-64D5E3468C9D}.Debug|x64.ActiveCfg = Debug|Any CPU
		{5E8EEC44-FA73-4A66-9433-64D5E3468C9D}.Debug|x64.Build.0 = Debug|Any CPU
		{5E8EEC44-FA73-4A66-9433-64D5E3468C9D}.Debug|x86.ActiveCfg = Debug|Any CPU
		{5E8EEC44-FA73-4A66-9433-64D5E3468C9D}.Debug|x86.Build.0 = Debug|Any CPU
		{5E8EEC44-FA73-4A66-9433-64D5E3468C9D}.Release|Any CPU.ActiveCfg = Release|Any CPU
		{5E8EEC44-FA73-4A66-9433-64D5E3468C9D}.Release|Any CPU.Build.0 = Release|Any CPU
		{5E8EEC44-FA73-4A66-9433-64D5E3468C9D}.Release|x64.ActiveCfg = Release|Any CPU
		{5E8EEC44-FA73-4A66-9433-64D5E3468C9D}.Release|x64.Build.0 = Release|Any CPU
		{5E8EEC44-FA73-4A66-9433-64D5E3468C9D}.Release|x86.ActiveCfg = Release|Any CPU
		{5E8EEC44-FA73-4A66-9433-64D5E3468C9D}.Release|x86.Build.0 = Release|Any CPU
		{065B4C2B-EED0-408C-991F-21F30E1F03CC}.Debug|Any CPU.ActiveCfg = Debug|Any CPU
		{065B4C2B-EED0-408C-991F-21F30E1F03CC}.Debug|Any CPU.Build.0 = Debug|Any CPU
		{065B4C2B-EED0-408C-991F-21F30E1F03CC}.Debug|x64.ActiveCfg = Debug|Any CPU
		{065B4C2B-EED0-408C-991F-21F30E1F03CC}.Debug|x64.Build.0 = Debug|Any CPU
		{065B4C2B-EED0-408C-991F-21F30E1F03CC}.Debug|x86.ActiveCfg = Debug|Any CPU
		{065B4C2B-EED0-408C-991F-21F30E1F03CC}.Debug|x86.Build.0 = Debug|Any CPU
		{065B4C2B-EED0-408C-991F-21F30E1F03CC}.Release|Any CPU.ActiveCfg = Release|Any CPU
		{065B4C2B-EED0-408C-991F-21F30E1F03CC}.Release|Any CPU.Build.0 = Release|Any CPU
		{065B4C2B-EED0-408C-991F-21F30E1F03CC}.Release|x64.ActiveCfg = Release|Any CPU
		{065B4C2B-EED0-408C-991F-21F30E1F03CC}.Release|x64.Build.0 = Release|Any CPU
		{065B4C2B-EED0-408C-991F-21F30E1F03CC}.Release|x86.ActiveCfg = Release|Any CPU
		{065B4C2B-EED0-408C-991F-21F30E1F03CC}.Release|x86.Build.0 = Release|Any CPU
		{CD33543C-F302-2E9F-4386-870064124019}.Debug|Any CPU.ActiveCfg = Debug|Any CPU
		{CD33543C-F302-2E9F-4386-870064124019}.Debug|Any CPU.Build.0 = Debug|Any CPU
		{CD33543C-F302-2E9F-4386-870064124019}.Debug|x64.ActiveCfg = Debug|Any CPU
		{CD33543C-F302-2E9F-4386-870064124019}.Debug|x64.Build.0 = Debug|Any CPU
		{CD33543C-F302-2E9F-4386-870064124019}.Debug|x86.ActiveCfg = Debug|Any CPU
		{CD33543C-F302-2E9F-4386-870064124019}.Debug|x86.Build.0 = Debug|Any CPU
		{CD33543C-F302-2E9F-4386-870064124019}.Release|Any CPU.ActiveCfg = Release|Any CPU
		{CD33543C-F302-2E9F-4386-870064124019}.Release|Any CPU.Build.0 = Release|Any CPU
		{CD33543C-F302-2E9F-4386-870064124019}.Release|x64.ActiveCfg = Release|Any CPU
		{CD33543C-F302-2E9F-4386-870064124019}.Release|x64.Build.0 = Release|Any CPU
		{CD33543C-F302-2E9F-4386-870064124019}.Release|x86.ActiveCfg = Release|Any CPU
		{CD33543C-F302-2E9F-4386-870064124019}.Release|x86.Build.0 = Release|Any CPU
		{3D706E94-6CBD-4BCF-8C8C-64F2C1B1DF99}.Debug|Any CPU.ActiveCfg = Debug|Any CPU
		{3D706E94-6CBD-4BCF-8C8C-64F2C1B1DF99}.Debug|Any CPU.Build.0 = Debug|Any CPU
		{3D706E94-6CBD-4BCF-8C8C-64F2C1B1DF99}.Debug|x64.ActiveCfg = Debug|Any CPU
		{3D706E94-6CBD-4BCF-8C8C-64F2C1B1DF99}.Debug|x64.Build.0 = Debug|Any CPU
		{3D706E94-6CBD-4BCF-8C8C-64F2C1B1DF99}.Debug|x86.ActiveCfg = Debug|Any CPU
		{3D706E94-6CBD-4BCF-8C8C-64F2C1B1DF99}.Debug|x86.Build.0 = Debug|Any CPU
		{3D706E94-6CBD-4BCF-8C8C-64F2C1B1DF99}.Release|Any CPU.ActiveCfg = Release|Any CPU
		{3D706E94-6CBD-4BCF-8C8C-64F2C1B1DF99}.Release|Any CPU.Build.0 = Release|Any CPU
		{3D706E94-6CBD-4BCF-8C8C-64F2C1B1DF99}.Release|x64.ActiveCfg = Release|Any CPU
		{3D706E94-6CBD-4BCF-8C8C-64F2C1B1DF99}.Release|x64.Build.0 = Release|Any CPU
		{3D706E94-6CBD-4BCF-8C8C-64F2C1B1DF99}.Release|x86.ActiveCfg = Release|Any CPU
		{3D706E94-6CBD-4BCF-8C8C-64F2C1B1DF99}.Release|x86.Build.0 = Release|Any CPU
		{AAD90729-14FD-70D5-C3E8-4ABC3AC56A20}.Debug|Any CPU.ActiveCfg = Debug|Any CPU
		{AAD90729-14FD-70D5-C3E8-4ABC3AC56A20}.Debug|Any CPU.Build.0 = Debug|Any CPU
		{AAD90729-14FD-70D5-C3E8-4ABC3AC56A20}.Debug|x64.ActiveCfg = Debug|Any CPU
		{AAD90729-14FD-70D5-C3E8-4ABC3AC56A20}.Debug|x64.Build.0 = Debug|Any CPU
		{AAD90729-14FD-70D5-C3E8-4ABC3AC56A20}.Debug|x86.ActiveCfg = Debug|Any CPU
		{AAD90729-14FD-70D5-C3E8-4ABC3AC56A20}.Debug|x86.Build.0 = Debug|Any CPU
		{AAD90729-14FD-70D5-C3E8-4ABC3AC56A20}.Release|Any CPU.ActiveCfg = Release|Any CPU
		{AAD90729-14FD-70D5-C3E8-4ABC3AC56A20}.Release|Any CPU.Build.0 = Release|Any CPU
		{AAD90729-14FD-70D5-C3E8-4ABC3AC56A20}.Release|x64.ActiveCfg = Release|Any CPU
		{AAD90729-14FD-70D5-C3E8-4ABC3AC56A20}.Release|x64.Build.0 = Release|Any CPU
		{AAD90729-14FD-70D5-C3E8-4ABC3AC56A20}.Release|x86.ActiveCfg = Release|Any CPU
		{AAD90729-14FD-70D5-C3E8-4ABC3AC56A20}.Release|x86.Build.0 = Release|Any CPU
		{BD9B647C-B143-42C8-AB78-A8AD2541B556}.Debug|Any CPU.ActiveCfg = Debug|Any CPU
		{BD9B647C-B143-42C8-AB78-A8AD2541B556}.Debug|Any CPU.Build.0 = Debug|Any CPU
		{BD9B647C-B143-42C8-AB78-A8AD2541B556}.Debug|x64.ActiveCfg = Debug|Any CPU
		{BD9B647C-B143-42C8-AB78-A8AD2541B556}.Debug|x64.Build.0 = Debug|Any CPU
		{BD9B647C-B143-42C8-AB78-A8AD2541B556}.Debug|x86.ActiveCfg = Debug|Any CPU
		{BD9B647C-B143-42C8-AB78-A8AD2541B556}.Debug|x86.Build.0 = Debug|Any CPU
		{BD9B647C-B143-42C8-AB78-A8AD2541B556}.Release|Any CPU.ActiveCfg = Release|Any CPU
		{BD9B647C-B143-42C8-AB78-A8AD2541B556}.Release|Any CPU.Build.0 = Release|Any CPU
		{BD9B647C-B143-42C8-AB78-A8AD2541B556}.Release|x64.ActiveCfg = Release|Any CPU
		{BD9B647C-B143-42C8-AB78-A8AD2541B556}.Release|x64.Build.0 = Release|Any CPU
		{BD9B647C-B143-42C8-AB78-A8AD2541B556}.Release|x86.ActiveCfg = Release|Any CPU
		{BD9B647C-B143-42C8-AB78-A8AD2541B556}.Release|x86.Build.0 = Release|Any CPU
		{86DB7937-311B-CA06-0D06-6E301B025CC7}.Debug|Any CPU.ActiveCfg = Debug|Any CPU
		{86DB7937-311B-CA06-0D06-6E301B025CC7}.Debug|Any CPU.Build.0 = Debug|Any CPU
		{86DB7937-311B-CA06-0D06-6E301B025CC7}.Debug|x64.ActiveCfg = Debug|Any CPU
		{86DB7937-311B-CA06-0D06-6E301B025CC7}.Debug|x64.Build.0 = Debug|Any CPU
		{86DB7937-311B-CA06-0D06-6E301B025CC7}.Debug|x86.ActiveCfg = Debug|Any CPU
		{86DB7937-311B-CA06-0D06-6E301B025CC7}.Debug|x86.Build.0 = Debug|Any CPU
		{86DB7937-311B-CA06-0D06-6E301B025CC7}.Release|Any CPU.ActiveCfg = Release|Any CPU
		{86DB7937-311B-CA06-0D06-6E301B025CC7}.Release|Any CPU.Build.0 = Release|Any CPU
		{86DB7937-311B-CA06-0D06-6E301B025CC7}.Release|x64.ActiveCfg = Release|Any CPU
		{86DB7937-311B-CA06-0D06-6E301B025CC7}.Release|x64.Build.0 = Release|Any CPU
		{86DB7937-311B-CA06-0D06-6E301B025CC7}.Release|x86.ActiveCfg = Release|Any CPU
		{86DB7937-311B-CA06-0D06-6E301B025CC7}.Release|x86.Build.0 = Release|Any CPU
		{766581F7-713E-06BF-E473-502DECC44008}.Debug|Any CPU.ActiveCfg = Debug|Any CPU
		{766581F7-713E-06BF-E473-502DECC44008}.Debug|Any CPU.Build.0 = Debug|Any CPU
		{766581F7-713E-06BF-E473-502DECC44008}.Debug|x64.ActiveCfg = Debug|Any CPU
		{766581F7-713E-06BF-E473-502DECC44008}.Debug|x64.Build.0 = Debug|Any CPU
		{766581F7-713E-06BF-E473-502DECC44008}.Debug|x86.ActiveCfg = Debug|Any CPU
		{766581F7-713E-06BF-E473-502DECC44008}.Debug|x86.Build.0 = Debug|Any CPU
		{766581F7-713E-06BF-E473-502DECC44008}.Release|Any CPU.ActiveCfg = Release|Any CPU
		{766581F7-713E-06BF-E473-502DECC44008}.Release|Any CPU.Build.0 = Release|Any CPU
		{766581F7-713E-06BF-E473-502DECC44008}.Release|x64.ActiveCfg = Release|Any CPU
		{766581F7-713E-06BF-E473-502DECC44008}.Release|x64.Build.0 = Release|Any CPU
		{766581F7-713E-06BF-E473-502DECC44008}.Release|x86.ActiveCfg = Release|Any CPU
		{766581F7-713E-06BF-E473-502DECC44008}.Release|x86.Build.0 = Release|Any CPU
		{A71A3CD9-4950-47B1-A945-B3AE30CC5993}.Debug|Any CPU.ActiveCfg = Debug|Any CPU
		{A71A3CD9-4950-47B1-A945-B3AE30CC5993}.Debug|Any CPU.Build.0 = Debug|Any CPU
		{A71A3CD9-4950-47B1-A945-B3AE30CC5993}.Debug|x64.ActiveCfg = Debug|Any CPU
		{A71A3CD9-4950-47B1-A945-B3AE30CC5993}.Debug|x64.Build.0 = Debug|Any CPU
		{A71A3CD9-4950-47B1-A945-B3AE30CC5993}.Debug|x86.ActiveCfg = Debug|Any CPU
		{A71A3CD9-4950-47B1-A945-B3AE30CC5993}.Debug|x86.Build.0 = Debug|Any CPU
		{A71A3CD9-4950-47B1-A945-B3AE30CC5993}.Release|Any CPU.ActiveCfg = Release|Any CPU
		{A71A3CD9-4950-47B1-A945-B3AE30CC5993}.Release|Any CPU.Build.0 = Release|Any CPU
		{A71A3CD9-4950-47B1-A945-B3AE30CC5993}.Release|x64.ActiveCfg = Release|Any CPU
		{A71A3CD9-4950-47B1-A945-B3AE30CC5993}.Release|x64.Build.0 = Release|Any CPU
		{A71A3CD9-4950-47B1-A945-B3AE30CC5993}.Release|x86.ActiveCfg = Release|Any CPU
		{A71A3CD9-4950-47B1-A945-B3AE30CC5993}.Release|x86.Build.0 = Release|Any CPU
		{B72E712B-163D-1296-D382-CA808701E339}.Debug|Any CPU.ActiveCfg = Debug|Any CPU
		{B72E712B-163D-1296-D382-CA808701E339}.Debug|Any CPU.Build.0 = Debug|Any CPU
		{B72E712B-163D-1296-D382-CA808701E339}.Debug|x64.ActiveCfg = Debug|Any CPU
		{B72E712B-163D-1296-D382-CA808701E339}.Debug|x64.Build.0 = Debug|Any CPU
		{B72E712B-163D-1296-D382-CA808701E339}.Debug|x86.ActiveCfg = Debug|Any CPU
		{B72E712B-163D-1296-D382-CA808701E339}.Debug|x86.Build.0 = Debug|Any CPU
		{B72E712B-163D-1296-D382-CA808701E339}.Release|Any CPU.ActiveCfg = Release|Any CPU
		{B72E712B-163D-1296-D382-CA808701E339}.Release|Any CPU.Build.0 = Release|Any CPU
		{B72E712B-163D-1296-D382-CA808701E339}.Release|x64.ActiveCfg = Release|Any CPU
		{B72E712B-163D-1296-D382-CA808701E339}.Release|x64.Build.0 = Release|Any CPU
		{B72E712B-163D-1296-D382-CA808701E339}.Release|x86.ActiveCfg = Release|Any CPU
		{B72E712B-163D-1296-D382-CA808701E339}.Release|x86.Build.0 = Release|Any CPU
		{518F0EBE-AE80-474E-9C55-536901337448}.Debug|Any CPU.ActiveCfg = Debug|Any CPU
		{518F0EBE-AE80-474E-9C55-536901337448}.Debug|Any CPU.Build.0 = Debug|Any CPU
		{518F0EBE-AE80-474E-9C55-536901337448}.Debug|x64.ActiveCfg = Debug|Any CPU
		{518F0EBE-AE80-474E-9C55-536901337448}.Debug|x64.Build.0 = Debug|Any CPU
		{518F0EBE-AE80-474E-9C55-536901337448}.Debug|x86.ActiveCfg = Debug|Any CPU
		{518F0EBE-AE80-474E-9C55-536901337448}.Debug|x86.Build.0 = Debug|Any CPU
		{518F0EBE-AE80-474E-9C55-536901337448}.Release|Any CPU.ActiveCfg = Release|Any CPU
		{518F0EBE-AE80-474E-9C55-536901337448}.Release|Any CPU.Build.0 = Release|Any CPU
		{518F0EBE-AE80-474E-9C55-536901337448}.Release|x64.ActiveCfg = Release|Any CPU
		{518F0EBE-AE80-474E-9C55-536901337448}.Release|x64.Build.0 = Release|Any CPU
		{518F0EBE-AE80-474E-9C55-536901337448}.Release|x86.ActiveCfg = Release|Any CPU
		{518F0EBE-AE80-474E-9C55-536901337448}.Release|x86.Build.0 = Release|Any CPU
		{486159E5-09BF-CAF1-4141-B15B109AF838}.Debug|Any CPU.ActiveCfg = Debug|Any CPU
		{486159E5-09BF-CAF1-4141-B15B109AF838}.Debug|Any CPU.Build.0 = Debug|Any CPU
		{486159E5-09BF-CAF1-4141-B15B109AF838}.Debug|x64.ActiveCfg = Debug|Any CPU
		{486159E5-09BF-CAF1-4141-B15B109AF838}.Debug|x64.Build.0 = Debug|Any CPU
		{486159E5-09BF-CAF1-4141-B15B109AF838}.Debug|x86.ActiveCfg = Debug|Any CPU
		{486159E5-09BF-CAF1-4141-B15B109AF838}.Debug|x86.Build.0 = Debug|Any CPU
		{486159E5-09BF-CAF1-4141-B15B109AF838}.Release|Any CPU.ActiveCfg = Release|Any CPU
		{486159E5-09BF-CAF1-4141-B15B109AF838}.Release|Any CPU.Build.0 = Release|Any CPU
		{486159E5-09BF-CAF1-4141-B15B109AF838}.Release|x64.ActiveCfg = Release|Any CPU
		{486159E5-09BF-CAF1-4141-B15B109AF838}.Release|x64.Build.0 = Release|Any CPU
		{486159E5-09BF-CAF1-4141-B15B109AF838}.Release|x86.ActiveCfg = Release|Any CPU
		{486159E5-09BF-CAF1-4141-B15B109AF838}.Release|x86.Build.0 = Release|Any CPU
	EndGlobalSection
	GlobalSection(SolutionProperties) = preSolution
		HideSolutionNode = FALSE
	EndGlobalSection
	GlobalSection(NestedProjects) = preSolution
		{B3964C69-A716-47D4-B16D-7C09DD9737C7} = {6D6A7AF3-53CB-4251-8906-C1F584CEDDB6}
		{A8AAB3EA-C612-493E-9AD0-66DA966B82D6} = {E9CFD145-721B-4E34-A8E8-34BE03F79FED}
		{81A61078-4E40-4E67-B66D-ABCFCD6A3033} = {6D6A7AF3-53CB-4251-8906-C1F584CEDDB6}
		{8F0154B5-DF55-4F0F-8CAE-C51F4737942E} = {E9CFD145-721B-4E34-A8E8-34BE03F79FED}
		{7C5A3944-4E44-47CD-BB0B-D7187D656A10} = {6D6A7AF3-53CB-4251-8906-C1F584CEDDB6}
		{8F8310CA-22FE-46CF-807A-3791D1D8A15B} = {6D6A7AF3-53CB-4251-8906-C1F584CEDDB6}
		{5E8EEC44-FA73-4A66-9433-64D5E3468C9D} = {E9CFD145-721B-4E34-A8E8-34BE03F79FED}
		{065B4C2B-EED0-408C-991F-21F30E1F03CC} = {6D6A7AF3-53CB-4251-8906-C1F584CEDDB6}
		{CD33543C-F302-2E9F-4386-870064124019} = {6D6A7AF3-53CB-4251-8906-C1F584CEDDB6}
		{3D706E94-6CBD-4BCF-8C8C-64F2C1B1DF99} = {E9CFD145-721B-4E34-A8E8-34BE03F79FED}
		{AAD90729-14FD-70D5-C3E8-4ABC3AC56A20} = {3D6D91D8-C770-46E0-A3DA-385E18E29E47}
		{BD9B647C-B143-42C8-AB78-A8AD2541B556} = {3D6D91D8-C770-46E0-A3DA-385E18E29E47}
		{86DB7937-311B-CA06-0D06-6E301B025CC7} = {6D6A7AF3-53CB-4251-8906-C1F584CEDDB6}
		{766581F7-713E-06BF-E473-502DECC44008} = {3D6D91D8-C770-46E0-A3DA-385E18E29E47}
		{A71A3CD9-4950-47B1-A945-B3AE30CC5993} = {6D6A7AF3-53CB-4251-8906-C1F584CEDDB6}
		{B72E712B-163D-1296-D382-CA808701E339} = {6D6A7AF3-53CB-4251-8906-C1F584CEDDB6}
		{518F0EBE-AE80-474E-9C55-536901337448} = {3D6D91D8-C770-46E0-A3DA-385E18E29E47}
		{486159E5-09BF-CAF1-4141-B15B109AF838} = {6D6A7AF3-53CB-4251-8906-C1F584CEDDB6}
		{07D268B8-C250-4557-A718-A531BB3092C9} = {1F3CFDF9-CDB0-4C87-AB9E-45E41E7F933B}
	EndGlobalSection
	GlobalSection(ExtensibilityGlobals) = postSolution
		SolutionGuid = {0E8F314E-CFF9-4CE9-8D59-54A58A05FAEA}
	EndGlobalSection
EndGlobal
